
Microsoft Visual Studio Solution File, Format Version 12.00
# Visual Studio Version 16
VisualStudioVersion = 16.0.28803.202
MinimumVisualStudioVersion = 10.0.40219.1
Project("{9A19103F-16F7-4668-BE54-9A1E7A4F7556}") = "GTTClientFrontend", "GTTClientFrontend\GTTClientFrontend.csproj", "{AFE6B36C-81A7-4FF5-AF06-C09EF023CF25}"
EndProject
Project("{9A19103F-16F7-4668-BE54-9A1E7A4F7556}") = "GTTClientBackend", "GTTClientBackend\GTTClientBackend.csproj", "{7014A386-2D97-41A3-A752-D02483F8CFA5}"
EndProject
Project("{9A19103F-16F7-4668-BE54-9A1E7A4F7556}") = "GTTServerBackend", "GTTServerBackend\GTTServerBackend.csproj", "{C4056BD5-406F-459C-913F-066015D5ACB8}"
EndProject
Project("{9A19103F-16F7-4668-BE54-9A1E7A4F7556}") = "GTTServiceContract", "GTTServiceContract\GTTServiceContract.csproj", "{EAD3E80B-F3BB-4CA2-A05F-D107362C7A4F}"
EndProject
Project("{9A19103F-16F7-4668-BE54-9A1E7A4F7556}") = "GTTClientBackendTest", "GTTClientBackendTest\GTTClientBackendTest.csproj", "{5654F809-1866-4EB6-9EB8-07319A4C906E}"
EndProject
Project("{9A19103F-16F7-4668-BE54-9A1E7A4F7556}") = "SBCHelpersCore", "SBCHelpersCore\SBCHelpersCore.csproj", "{38A639AC-0DB1-40F8-AE62-ED0245E3C508}"
EndProject
Project("{FAE04EC0-301F-11D3-BF4B-00C04F79EFBC}") = "GTTServerBackendTest", "GTTServerBackendTest\GTTServerBackendTest.csproj", "{7D5ADC42-5B51-44AC-B235-5D9F141F7EC4}"
EndProject
Global
	GlobalSection(SolutionConfigurationPlatforms) = preSolution
		Debug|Any CPU = Debug|Any CPU
		Release|Any CPU = Release|Any CPU
	EndGlobalSection
	GlobalSection(ProjectConfigurationPlatforms) = postSolution
		{AFE6B36C-81A7-4FF5-AF06-C09EF023CF25}.Debug|Any CPU.ActiveCfg = Debug|Any CPU
		{AFE6B36C-81A7-4FF5-AF06-C09EF023CF25}.Debug|Any CPU.Build.0 = Debug|Any CPU
		{AFE6B36C-81A7-4FF5-AF06-C09EF023CF25}.Release|Any CPU.ActiveCfg = Release|Any CPU
		{AFE6B36C-81A7-4FF5-AF06-C09EF023CF25}.Release|Any CPU.Build.0 = Release|Any CPU
		{7014A386-2D97-41A3-A752-D02483F8CFA5}.Debug|Any CPU.ActiveCfg = Debug|Any CPU
		{7014A386-2D97-41A3-A752-D02483F8CFA5}.Debug|Any CPU.Build.0 = Debug|Any CPU
		{7014A386-2D97-41A3-A752-D02483F8CFA5}.Release|Any CPU.ActiveCfg = Release|Any CPU
		{7014A386-2D97-41A3-A752-D02483F8CFA5}.Release|Any CPU.Build.0 = Release|Any CPU
		{C4056BD5-406F-459C-913F-066015D5ACB8}.Debug|Any CPU.ActiveCfg = Debug|Any CPU
		{C4056BD5-406F-459C-913F-066015D5ACB8}.Debug|Any CPU.Build.0 = Debug|Any CPU
		{C4056BD5-406F-459C-913F-066015D5ACB8}.Release|Any CPU.ActiveCfg = Release|Any CPU
		{C4056BD5-406F-459C-913F-066015D5ACB8}.Release|Any CPU.Build.0 = Release|Any CPU
		{EAD3E80B-F3BB-4CA2-A05F-D107362C7A4F}.Debug|Any CPU.ActiveCfg = Debug|Any CPU
		{EAD3E80B-F3BB-4CA2-A05F-D107362C7A4F}.Debug|Any CPU.Build.0 = Debug|Any CPU
		{EAD3E80B-F3BB-4CA2-A05F-D107362C7A4F}.Release|Any CPU.ActiveCfg = Release|Any CPU
		{EAD3E80B-F3BB-4CA2-A05F-D107362C7A4F}.Release|Any CPU.Build.0 = Release|Any CPU
		{5654F809-1866-4EB6-9EB8-07319A4C906E}.Debug|Any CPU.ActiveCfg = Debug|Any CPU
		{5654F809-1866-4EB6-9EB8-07319A4C906E}.Debug|Any CPU.Build.0 = Debug|Any CPU
		{5654F809-1866-4EB6-9EB8-07319A4C906E}.Release|Any CPU.ActiveCfg = Release|Any CPU
		{5654F809-1866-4EB6-9EB8-07319A4C906E}.Release|Any CPU.Build.0 = Release|Any CPU
		{38A639AC-0DB1-40F8-AE62-ED0245E3C508}.Debug|Any CPU.ActiveCfg = Debug|Any CPU
		{38A639AC-0DB1-40F8-AE62-ED0245E3C508}.Debug|Any CPU.Build.0 = Debug|Any CPU
		{38A639AC-0DB1-40F8-AE62-ED0245E3C508}.Release|Any CPU.ActiveCfg = Release|Any CPU
		{38A639AC-0DB1-40F8-AE62-ED0245E3C508}.Release|Any CPU.Build.0 = Release|Any CPU
		{7D5ADC42-5B51-44AC-B235-5D9F141F7EC4}.Debug|Any CPU.ActiveCfg = Debug|Any CPU
		{7D5ADC42-5B51-44AC-B235-5D9F141F7EC4}.Debug|Any CPU.Build.0 = Debug|Any CPU
		{7D5ADC42-5B51-44AC-B235-5D9F141F7EC4}.Release|Any CPU.ActiveCfg = Release|Any CPU
		{7D5ADC42-5B51-44AC-B235-5D9F141F7EC4}.Release|Any CPU.Build.0 = Release|Any CPU
	EndGlobalSection
	GlobalSection(SolutionProperties) = preSolution
		HideSolutionNode = FALSE
	EndGlobalSection
	GlobalSection(ExtensibilityGlobals) = postSolution
		SolutionGuid = {6A369638-A337-4BEA-B80B-EC7DC008D3DE}
	EndGlobalSection
EndGlobal
